
Microsoft Visual Studio Solution File, Format Version 12.00
Project("{FAE04EC0-301F-11D3-BF4B-00C04F79EFBC}") = "ConsoleApp1", "ConsoleApp1\ConsoleApp1.csproj", "{D227F302-C452-4788-8834-A5FD2DE6059B}"
EndProject
Global
	GlobalSection(SolutionConfigurationPlatforms) = preSolution
		Debug|Any CPU = Debug|Any CPU
		Release|Any CPU = Release|Any CPU
	EndGlobalSection
	GlobalSection(ProjectConfigurationPlatforms) = postSolution
		{D227F302-C452-4788-8834-A5FD2DE6059B}.Debug|Any CPU.ActiveCfg = Debug|Any CPU
		{D227F302-C452-4788-8834-A5FD2DE6059B}.Debug|Any CPU.Build.0 = Debug|Any CPU
		{D227F302-C452-4788-8834-A5FD2DE6059B}.Release|Any CPU.ActiveCfg = Release|Any CPU
		{D227F302-C452-4788-8834-A5FD2DE6059B}.Release|Any CPU.Build.0 = Release|Any CPU
	EndGlobalSection
EndGlobal
