
Microsoft Visual Studio Solution File, Format Version 12.00
# Visual Studio Version 17
VisualStudioVersion = 17.1.32210.238
MinimumVisualStudioVersion = 10.0.40219.1
Project("{FAE04EC0-301F-11D3-BF4B-00C04F79EFBC}") = "Recorder", "Recorder\Recorder.csproj", "{5A5463D1-723F-4F6F-9762-56C5BC0820E2}"
EndProject
Global
	GlobalSection(SolutionConfigurationPlatforms) = preSolution
		Debug|Any CPU = Debug|Any CPU
		Release|Any CPU = Release|Any CPU
	EndGlobalSection
	GlobalSection(ProjectConfigurationPlatforms) = postSolution
		{5A5463D1-723F-4F6F-9762-56C5BC0820E2}.Debug|Any CPU.ActiveCfg = Debug|Any CPU
		{5A5463D1-723F-4F6F-9762-56C5BC0820E2}.Debug|Any CPU.Build.0 = Debug|Any CPU
		{5A5463D1-723F-4F6F-9762-56C5BC0820E2}.Release|Any CPU.ActiveCfg = Release|Any CPU
		{5A5463D1-723F-4F6F-9762-56C5BC0820E2}.Release|Any CPU.Build.0 = Release|Any CPU
	EndGlobalSection
	GlobalSection(SolutionProperties) = preSolution
		HideSolutionNode = FALSE
	EndGlobalSection
	GlobalSection(ExtensibilityGlobals) = postSolution
		SolutionGuid = {5ADDBA44-444C-4463-AC6B-34F19D734259}
	EndGlobalSection
EndGlobal
