
Microsoft Visual Studio Solution File, Format Version 12.00
# Visual Studio Version 17
VisualStudioVersion = 17.1.32210.238
MinimumVisualStudioVersion = 10.0.40219.1
Project("{FAE04EC0-301F-11D3-BF4B-00C04F79EFBC}") = "kiarash-EfStarted", "kiarash-EfStarted\kiarash-EfStarted.csproj", "{205C167A-0D6C-42FC-8567-628D3E74E574}"
EndProject
Global
	GlobalSection(SolutionConfigurationPlatforms) = preSolution
		Debug|Any CPU = Debug|Any CPU
		Release|Any CPU = Release|Any CPU
	EndGlobalSection
	GlobalSection(ProjectConfigurationPlatforms) = postSolution
		{205C167A-0D6C-42FC-8567-628D3E74E574}.Debug|Any CPU.ActiveCfg = Debug|Any CPU
		{205C167A-0D6C-42FC-8567-628D3E74E574}.Debug|Any CPU.Build.0 = Debug|Any CPU
		{205C167A-0D6C-42FC-8567-628D3E74E574}.Release|Any CPU.ActiveCfg = Release|Any CPU
		{205C167A-0D6C-42FC-8567-628D3E74E574}.Release|Any CPU.Build.0 = Release|Any CPU
	EndGlobalSection
	GlobalSection(SolutionProperties) = preSolution
		HideSolutionNode = FALSE
	EndGlobalSection
	GlobalSection(ExtensibilityGlobals) = postSolution
		SolutionGuid = {9837A8C0-EFA5-4A0B-B204-1ED11638C3DC}
	EndGlobalSection
EndGlobal
