
Microsoft Visual Studio Solution File, Format Version 12.00
# Visual Studio Version 17
VisualStudioVersion = 17.1.32210.238
MinimumVisualStudioVersion = 10.0.40219.1
Project("{FAE04EC0-301F-11D3-BF4B-00C04F79EFBC}") = "Send", "Send\Send.csproj", "{F199D158-6FD5-4022-8A13-B3E724C7167B}"
EndProject
Project("{FAE04EC0-301F-11D3-BF4B-00C04F79EFBC}") = "Receive", "Receive\Receive.csproj", "{79388879-DF8A-4D8B-84D9-F6BD2E27A4E1}"
EndProject
Global
	GlobalSection(SolutionConfigurationPlatforms) = preSolution
		Debug|Any CPU = Debug|Any CPU
		Release|Any CPU = Release|Any CPU
	EndGlobalSection
	GlobalSection(ProjectConfigurationPlatforms) = postSolution
		{F199D158-6FD5-4022-8A13-B3E724C7167B}.Debug|Any CPU.ActiveCfg = Debug|Any CPU
		{F199D158-6FD5-4022-8A13-B3E724C7167B}.Debug|Any CPU.Build.0 = Debug|Any CPU
		{F199D158-6FD5-4022-8A13-B3E724C7167B}.Release|Any CPU.ActiveCfg = Release|Any CPU
		{F199D158-6FD5-4022-8A13-B3E724C7167B}.Release|Any CPU.Build.0 = Release|Any CPU
		{79388879-DF8A-4D8B-84D9-F6BD2E27A4E1}.Debug|Any CPU.ActiveCfg = Debug|Any CPU
		{79388879-DF8A-4D8B-84D9-F6BD2E27A4E1}.Debug|Any CPU.Build.0 = Debug|Any CPU
		{79388879-DF8A-4D8B-84D9-F6BD2E27A4E1}.Release|Any CPU.ActiveCfg = Release|Any CPU
		{79388879-DF8A-4D8B-84D9-F6BD2E27A4E1}.Release|Any CPU.Build.0 = Release|Any CPU
	EndGlobalSection
	GlobalSection(SolutionProperties) = preSolution
		HideSolutionNode = FALSE
	EndGlobalSection
	GlobalSection(ExtensibilityGlobals) = postSolution
		SolutionGuid = {A0A0F15B-7296-4D9C-93FD-CFD1F068F633}
	EndGlobalSection
EndGlobal
